// !$*UTF8*$!
{
	archiveVersion = 1;
	classes = {
	};
	objectVersion = 52;
	objects = {

/* Begin PBXBuildFile section */
		C11A1E4B26246D6500B88FCF /* HomeViewDataProviderTests.swift in Sources */ = {isa = PBXBuildFile; fileRef = C11A1E4A26246D6500B88FCF /* HomeViewDataProviderTests.swift */; };
		C11A1E5A2624AE0C00B88FCF /* ProductViewControllerTests.swift in Sources */ = {isa = PBXBuildFile; fileRef = C11A1E592624AE0C00B88FCF /* ProductViewControllerTests.swift */; };
		C1205D0326275E0A005DF889 /* Coordinator.swift in Sources */ = {isa = PBXBuildFile; fileRef = C1205D0226275E0A005DF889 /* Coordinator.swift */; };
		C1205D0B26275E55005DF889 /* Storyboarded.swift in Sources */ = {isa = PBXBuildFile; fileRef = C1205D0A26275E55005DF889 /* Storyboarded.swift */; };
		C1205D1026275E94005DF889 /* MainCoordinator.swift in Sources */ = {isa = PBXBuildFile; fileRef = C1205D0F26275E94005DF889 /* MainCoordinator.swift */; };
		C1205D1C2627AB06005DF889 /* CoordinatorStoryboards.swift in Sources */ = {isa = PBXBuildFile; fileRef = C1205D1B2627AB06005DF889 /* CoordinatorStoryboards.swift */; };
		C1288ED326260A9C00B7FB70 /* HomeViewStates.swift in Sources */ = {isa = PBXBuildFile; fileRef = C1288ED226260A9C00B7FB70 /* HomeViewStates.swift */; };
		C12D602D261C97CB002A9F23 /* JsonHelperTests.swift in Sources */ = {isa = PBXBuildFile; fileRef = C12D602C261C97CB002A9F23 /* JsonHelperTests.swift */; };
		C12D6036261C99B3002A9F23 /* JsonHelper.swift in Sources */ = {isa = PBXBuildFile; fileRef = C12D6035261C99B3002A9F23 /* JsonHelper.swift */; };
		C12D6044261C9F63002A9F23 /* itemsResult.json in Resources */ = {isa = PBXBuildFile; fileRef = C12D6042261C9F63002A9F23 /* itemsResult.json */; };
		C12D6045261C9F63002A9F23 /* searchResult.json in Resources */ = {isa = PBXBuildFile; fileRef = C12D6043261C9F63002A9F23 /* searchResult.json */; };
		C12D604A261CADFA002A9F23 /* ProductTests.swift in Sources */ = {isa = PBXBuildFile; fileRef = C12D6049261CADFA002A9F23 /* ProductTests.swift */; };
		C12D604F261CAE6B002A9F23 /* Product.swift in Sources */ = {isa = PBXBuildFile; fileRef = C12D604E261CAE6B002A9F23 /* Product.swift */; };
		C1381519261C8859001FE25A /* ItemResultDTO.swift in Sources */ = {isa = PBXBuildFile; fileRef = C1381518261C8859001FE25A /* ItemResultDTO.swift */; };
		C13D7C342625329A00FF5713 /* Product.storyboard in Resources */ = {isa = PBXBuildFile; fileRef = C13D7C332625329A00FF5713 /* Product.storyboard */; };
		C13D7C392625332300FF5713 /* ProductViewController.swift in Sources */ = {isa = PBXBuildFile; fileRef = C13D7C382625332300FF5713 /* ProductViewController.swift */; };
		C13DAF2D261E99A600FDC489 /* ProductTranslatorTests.swift in Sources */ = {isa = PBXBuildFile; fileRef = C13DAF2C261E99A600FDC489 /* ProductTranslatorTests.swift */; };
		C13DAF36261E9AE400FDC489 /* ProductTranslator.swift in Sources */ = {isa = PBXBuildFile; fileRef = C13DAF35261E9AE400FDC489 /* ProductTranslator.swift */; };
		C15B4717262D22EC0001282A /* Kingfisher in Frameworks */ = {isa = PBXBuildFile; productRef = C15B4716262D22EC0001282A /* Kingfisher */; };
		C15B471D262D23470001282A /* Media.xcassets in Resources */ = {isa = PBXBuildFile; fileRef = C15B471C262D23470001282A /* Media.xcassets */; };
		C15B4725262D34900001282A /* Image.swift in Sources */ = {isa = PBXBuildFile; fileRef = C15B4724262D34900001282A /* Image.swift */; };
		C15B472A262D35760001282A /* PictureDTO.swift in Sources */ = {isa = PBXBuildFile; fileRef = C15B4729262D35760001282A /* PictureDTO.swift */; };
		C15BCFA9262D39DB007DE551 /* Picture.swift in Sources */ = {isa = PBXBuildFile; fileRef = C15BCFA8262D39DB007DE551 /* Picture.swift */; };
		C197E74F2620934F005BDBF1 /* TableViewCellCustomizable.swift in Sources */ = {isa = PBXBuildFile; fileRef = C197E74E2620934F005BDBF1 /* TableViewCellCustomizable.swift */; };
		C197E757262094E3005BDBF1 /* HomeTableViewCellTests.swift in Sources */ = {isa = PBXBuildFile; fileRef = C197E756262094E3005BDBF1 /* HomeTableViewCellTests.swift */; };
		C197E75E262096EF005BDBF1 /* HomeTableViewCell.swift in Sources */ = {isa = PBXBuildFile; fileRef = C197E75C262096EF005BDBF1 /* HomeTableViewCell.swift */; };
		C197E75F262096EF005BDBF1 /* HomeTableViewCell.xib in Resources */ = {isa = PBXBuildFile; fileRef = C197E75D262096EF005BDBF1 /* HomeTableViewCell.xib */; };
		C197E76726209B2B005BDBF1 /* CellViewModel.swift in Sources */ = {isa = PBXBuildFile; fileRef = C197E76626209B2B005BDBF1 /* CellViewModel.swift */; };
		C197E76C2620A265005BDBF1 /* ProductCellViewModelTests.swift in Sources */ = {isa = PBXBuildFile; fileRef = C197E76B2620A265005BDBF1 /* ProductCellViewModelTests.swift */; };
		C197E7712620A6C1005BDBF1 /* ProductCellViewModel.swift in Sources */ = {isa = PBXBuildFile; fileRef = C197E7702620A6C1005BDBF1 /* ProductCellViewModel.swift */; };
		C1B3A79F261F394900578E39 /* HomeViewControllerTests.swift in Sources */ = {isa = PBXBuildFile; fileRef = C1B3A79E261F394900578E39 /* HomeViewControllerTests.swift */; };
		C1B3A7B3261F423900578E39 /* HomeViewController.swift in Sources */ = {isa = PBXBuildFile; fileRef = C1B3A7B1261F423900578E39 /* HomeViewController.swift */; };
		C1B3A7BC261F48D400578E39 /* HomeViewModel.swift in Sources */ = {isa = PBXBuildFile; fileRef = C1B3A7BB261F48D400578E39 /* HomeViewModel.swift */; };
		C1B3A7C1261F498700578E39 /* HomeViewModelTests.swift in Sources */ = {isa = PBXBuildFile; fileRef = C1B3A7C0261F498700578E39 /* HomeViewModelTests.swift */; };
		C1B3A7C6261F4A8700578E39 /* HomeView.swift in Sources */ = {isa = PBXBuildFile; fileRef = C1B3A7C5261F4A8700578E39 /* HomeView.swift */; };
		C1B8A4732617D35600CA4719 /* AppDelegate.swift in Sources */ = {isa = PBXBuildFile; fileRef = C1B8A4722617D35600CA4719 /* AppDelegate.swift */; };
		C1B8A4752617D35600CA4719 /* SceneDelegate.swift in Sources */ = {isa = PBXBuildFile; fileRef = C1B8A4742617D35600CA4719 /* SceneDelegate.swift */; };
		C1B8A47A2617D35600CA4719 /* Main.storyboard in Resources */ = {isa = PBXBuildFile; fileRef = C1B8A4782617D35600CA4719 /* Main.storyboard */; };
		C1B8A47C2617D35700CA4719 /* Assets.xcassets in Resources */ = {isa = PBXBuildFile; fileRef = C1B8A47B2617D35700CA4719 /* Assets.xcassets */; };
		C1B8A47F2617D35700CA4719 /* LaunchScreen.storyboard in Resources */ = {isa = PBXBuildFile; fileRef = C1B8A47D2617D35700CA4719 /* LaunchScreen.storyboard */; };
		C1B8A48A2617D35800CA4719 /* MercadoLibreTests.swift in Sources */ = {isa = PBXBuildFile; fileRef = C1B8A4892617D35800CA4719 /* MercadoLibreTests.swift */; };
		C1B8A4952617D35800CA4719 /* MercadoLibreUITests.swift in Sources */ = {isa = PBXBuildFile; fileRef = C1B8A4942617D35800CA4719 /* MercadoLibreUITests.swift */; };
		C1B8A4AE2617D7AC00CA4719 /* Item.swift in Sources */ = {isa = PBXBuildFile; fileRef = C1B8A4A92617D7AC00CA4719 /* Item.swift */; };
		C1B8A4AF2617D7AC00CA4719 /* SearchResult.swift in Sources */ = {isa = PBXBuildFile; fileRef = C1B8A4AA2617D7AC00CA4719 /* SearchResult.swift */; };
		C1B8A4B02617D7AC00CA4719 /* SearchResultDTO.swift in Sources */ = {isa = PBXBuildFile; fileRef = C1B8A4AC2617D7AC00CA4719 /* SearchResultDTO.swift */; };
		C1B8A4B12617D7AC00CA4719 /* ItemDTO.swift in Sources */ = {isa = PBXBuildFile; fileRef = C1B8A4AD2617D7AC00CA4719 /* ItemDTO.swift */; };
		C1B8A4B92617D7B900CA4719 /* SearchResultDTOTests.swift in Sources */ = {isa = PBXBuildFile; fileRef = C1B8A4B72617D7B900CA4719 /* SearchResultDTOTests.swift */; };
		C1B8A4BA2617D7B900CA4719 /* ItemDTOTests.swift in Sources */ = {isa = PBXBuildFile; fileRef = C1B8A4B82617D7B900CA4719 /* ItemDTOTests.swift */; };
		C1B8A4CF2617EABD00CA4719 /* AlamofireItemServiceTests.swift in Sources */ = {isa = PBXBuildFile; fileRef = C1B8A4CE2617EABD00CA4719 /* AlamofireItemServiceTests.swift */; };
		C1CE650D2620105A00348F86 /* HomeViewState.swift in Sources */ = {isa = PBXBuildFile; fileRef = C1CE650C2620105A00348F86 /* HomeViewState.swift */; };
		C1D6EF8C2617EBE800C847E6 /* Alamofire in Frameworks */ = {isa = PBXBuildFile; productRef = C1D6EF8B2617EBE800C847E6 /* Alamofire */; };
		C1D6EF952617EC7000C847E6 /* APIRoute.swift in Sources */ = {isa = PBXBuildFile; fileRef = C1D6EF942617EC7000C847E6 /* APIRoute.swift */; };
		C1D6EF9A2617EDF400C847E6 /* APIContext.swift in Sources */ = {isa = PBXBuildFile; fileRef = C1D6EF992617EDF400C847E6 /* APIContext.swift */; };
		C1D6EF9F2617EE4F00C847E6 /* APIEnvironment.swift in Sources */ = {isa = PBXBuildFile; fileRef = C1D6EF9E2617EE4F00C847E6 /* APIEnvironment.swift */; };
		C1D6EFA42617EE7300C847E6 /* APIEnvironments.swift in Sources */ = {isa = PBXBuildFile; fileRef = C1D6EFA32617EE7300C847E6 /* APIEnvironments.swift */; };
		C1D6EFA92617EF0300C847E6 /* NonPersistentContext.swift in Sources */ = {isa = PBXBuildFile; fileRef = C1D6EFA82617EF0300C847E6 /* NonPersistentContext.swift */; };
		C1D6EFAF2617F03300C847E6 /* ItemsServiceRouter.swift in Sources */ = {isa = PBXBuildFile; fileRef = C1D6EFAE2617F03300C847E6 /* ItemsServiceRouter.swift */; };
		C1D6EFB72617F36400C847E6 /* ItemsService.swift in Sources */ = {isa = PBXBuildFile; fileRef = C1D6EFB62617F36400C847E6 /* ItemsService.swift */; };
		C1D6EFC22617F50900C847E6 /* ItemsServiceTests.swift in Sources */ = {isa = PBXBuildFile; fileRef = C1D6EFC12617F50900C847E6 /* ItemsServiceTests.swift */; };
		C1D6EFCD2617F5BE00C847E6 /* MockItemsService.swift in Sources */ = {isa = PBXBuildFile; fileRef = C1D6EFCC2617F5BE00C847E6 /* MockItemsService.swift */; };
		C1D6EFE22617F92E00C847E6 /* ItemServiceErrors.swift in Sources */ = {isa = PBXBuildFile; fileRef = C1D6EFD32617F73F00C847E6 /* ItemServiceErrors.swift */; };
		C1D6EFE82617FB9900C847E6 /* AlamofireItemService.swift in Sources */ = {isa = PBXBuildFile; fileRef = C1D6EFE72617FB9900C847E6 /* AlamofireItemService.swift */; };
		C1D6EFF02617FBF500C847E6 /* AlamofireService.swift in Sources */ = {isa = PBXBuildFile; fileRef = C1D6EFEF2617FBF500C847E6 /* AlamofireService.swift */; };
		C1D6F00A2618036500C847E6 /* APIEnvironmentsTests.swift in Sources */ = {isa = PBXBuildFile; fileRef = C1D6F0092618036500C847E6 /* APIEnvironmentsTests.swift */; };
		C1D6F03B261818A800C847E6 /* Contants.swift in Sources */ = {isa = PBXBuildFile; fileRef = C1D6F03A261818A800C847E6 /* Contants.swift */; };
		C1FDA6652629DE0300800E8A /* ProductView.swift in Sources */ = {isa = PBXBuildFile; fileRef = C1FDA6642629DE0300800E8A /* ProductView.swift */; };
		C1FDA66A2629DED600800E8A /* ProductViewModel.swift in Sources */ = {isa = PBXBuildFile; fileRef = C1FDA6692629DED600800E8A /* ProductViewModel.swift */; };
		C1FDA66F2629ECBA00800E8A /* ProductViewModelTests.swift in Sources */ = {isa = PBXBuildFile; fileRef = C1FDA66E2629ECBA00800E8A /* ProductViewModelTests.swift */; };
		C1FDA674262A02BF00800E8A /* ProductViewState.swift in Sources */ = {isa = PBXBuildFile; fileRef = C1FDA673262A02BF00800E8A /* ProductViewState.swift */; };
		C1FDA679262A035800800E8A /* ProductViewStates.swift in Sources */ = {isa = PBXBuildFile; fileRef = C1FDA678262A035800800E8A /* ProductViewStates.swift */; };
/* End PBXBuildFile section */

/* Begin PBXContainerItemProxy section */
		C1B8A4862617D35800CA4719 /* PBXContainerItemProxy */ = {
			isa = PBXContainerItemProxy;
			containerPortal = C1B8A4672617D35600CA4719 /* Project object */;
			proxyType = 1;
			remoteGlobalIDString = C1B8A46E2617D35600CA4719;
			remoteInfo = MercadoLibre;
		};
		C1B8A4912617D35800CA4719 /* PBXContainerItemProxy */ = {
			isa = PBXContainerItemProxy;
			containerPortal = C1B8A4672617D35600CA4719 /* Project object */;
			proxyType = 1;
			remoteGlobalIDString = C1B8A46E2617D35600CA4719;
			remoteInfo = MercadoLibre;
		};
/* End PBXContainerItemProxy section */

/* Begin PBXFileReference section */
		C11A1E4A26246D6500B88FCF /* HomeViewDataProviderTests.swift */ = {isa = PBXFileReference; lastKnownFileType = sourcecode.swift; path = HomeViewDataProviderTests.swift; sourceTree = "<group>"; };
		C11A1E592624AE0C00B88FCF /* ProductViewControllerTests.swift */ = {isa = PBXFileReference; lastKnownFileType = sourcecode.swift; path = ProductViewControllerTests.swift; sourceTree = "<group>"; };
		C1205D0226275E0A005DF889 /* Coordinator.swift */ = {isa = PBXFileReference; lastKnownFileType = sourcecode.swift; path = Coordinator.swift; sourceTree = "<group>"; };
		C1205D0A26275E55005DF889 /* Storyboarded.swift */ = {isa = PBXFileReference; lastKnownFileType = sourcecode.swift; path = Storyboarded.swift; sourceTree = "<group>"; };
		C1205D0F26275E94005DF889 /* MainCoordinator.swift */ = {isa = PBXFileReference; lastKnownFileType = sourcecode.swift; path = MainCoordinator.swift; sourceTree = "<group>"; };
		C1205D1B2627AB06005DF889 /* CoordinatorStoryboards.swift */ = {isa = PBXFileReference; lastKnownFileType = sourcecode.swift; path = CoordinatorStoryboards.swift; sourceTree = "<group>"; };
		C1288ED226260A9C00B7FB70 /* HomeViewStates.swift */ = {isa = PBXFileReference; lastKnownFileType = sourcecode.swift; path = HomeViewStates.swift; sourceTree = "<group>"; };
		C12D602C261C97CB002A9F23 /* JsonHelperTests.swift */ = {isa = PBXFileReference; lastKnownFileType = sourcecode.swift; path = JsonHelperTests.swift; sourceTree = "<group>"; };
		C12D6035261C99B3002A9F23 /* JsonHelper.swift */ = {isa = PBXFileReference; lastKnownFileType = sourcecode.swift; path = JsonHelper.swift; sourceTree = "<group>"; };
		C12D6042261C9F63002A9F23 /* itemsResult.json */ = {isa = PBXFileReference; fileEncoding = 4; lastKnownFileType = text.json; path = itemsResult.json; sourceTree = "<group>"; };
		C12D6043261C9F63002A9F23 /* searchResult.json */ = {isa = PBXFileReference; fileEncoding = 4; lastKnownFileType = text.json; path = searchResult.json; sourceTree = "<group>"; };
		C12D6049261CADFA002A9F23 /* ProductTests.swift */ = {isa = PBXFileReference; lastKnownFileType = sourcecode.swift; path = ProductTests.swift; sourceTree = "<group>"; };
		C12D604E261CAE6B002A9F23 /* Product.swift */ = {isa = PBXFileReference; lastKnownFileType = sourcecode.swift; path = Product.swift; sourceTree = "<group>"; };
		C1381518261C8859001FE25A /* ItemResultDTO.swift */ = {isa = PBXFileReference; lastKnownFileType = sourcecode.swift; path = ItemResultDTO.swift; sourceTree = "<group>"; };
		C13D7C332625329A00FF5713 /* Product.storyboard */ = {isa = PBXFileReference; lastKnownFileType = file.storyboard; path = Product.storyboard; sourceTree = "<group>"; };
		C13D7C382625332300FF5713 /* ProductViewController.swift */ = {isa = PBXFileReference; lastKnownFileType = sourcecode.swift; path = ProductViewController.swift; sourceTree = "<group>"; };
		C13DAF2C261E99A600FDC489 /* ProductTranslatorTests.swift */ = {isa = PBXFileReference; lastKnownFileType = sourcecode.swift; path = ProductTranslatorTests.swift; sourceTree = "<group>"; };
		C13DAF35261E9AE400FDC489 /* ProductTranslator.swift */ = {isa = PBXFileReference; lastKnownFileType = sourcecode.swift; path = ProductTranslator.swift; sourceTree = "<group>"; };
		C15B471C262D23470001282A /* Media.xcassets */ = {isa = PBXFileReference; lastKnownFileType = folder.assetcatalog; path = Media.xcassets; sourceTree = "<group>"; };
		C15B4724262D34900001282A /* Image.swift */ = {isa = PBXFileReference; lastKnownFileType = sourcecode.swift; path = Image.swift; sourceTree = "<group>"; };
		C15B4729262D35760001282A /* PictureDTO.swift */ = {isa = PBXFileReference; lastKnownFileType = sourcecode.swift; path = PictureDTO.swift; sourceTree = "<group>"; };
		C15BCFA8262D39DB007DE551 /* Picture.swift */ = {isa = PBXFileReference; lastKnownFileType = sourcecode.swift; path = Picture.swift; sourceTree = "<group>"; };
		C197E74E2620934F005BDBF1 /* TableViewCellCustomizable.swift */ = {isa = PBXFileReference; lastKnownFileType = sourcecode.swift; path = TableViewCellCustomizable.swift; sourceTree = "<group>"; };
		C197E756262094E3005BDBF1 /* HomeTableViewCellTests.swift */ = {isa = PBXFileReference; lastKnownFileType = sourcecode.swift; path = HomeTableViewCellTests.swift; sourceTree = "<group>"; };
		C197E75C262096EF005BDBF1 /* HomeTableViewCell.swift */ = {isa = PBXFileReference; lastKnownFileType = sourcecode.swift; path = HomeTableViewCell.swift; sourceTree = "<group>"; };
		C197E75D262096EF005BDBF1 /* HomeTableViewCell.xib */ = {isa = PBXFileReference; lastKnownFileType = file.xib; path = HomeTableViewCell.xib; sourceTree = "<group>"; };
		C197E76626209B2B005BDBF1 /* CellViewModel.swift */ = {isa = PBXFileReference; lastKnownFileType = sourcecode.swift; path = CellViewModel.swift; sourceTree = "<group>"; };
		C197E76B2620A265005BDBF1 /* ProductCellViewModelTests.swift */ = {isa = PBXFileReference; lastKnownFileType = sourcecode.swift; path = ProductCellViewModelTests.swift; sourceTree = "<group>"; };
		C197E7702620A6C1005BDBF1 /* ProductCellViewModel.swift */ = {isa = PBXFileReference; lastKnownFileType = sourcecode.swift; path = ProductCellViewModel.swift; sourceTree = "<group>"; };
		C1B3A79E261F394900578E39 /* HomeViewControllerTests.swift */ = {isa = PBXFileReference; lastKnownFileType = sourcecode.swift; path = HomeViewControllerTests.swift; sourceTree = "<group>"; };
		C1B3A7B1261F423900578E39 /* HomeViewController.swift */ = {isa = PBXFileReference; lastKnownFileType = sourcecode.swift; path = HomeViewController.swift; sourceTree = "<group>"; };
		C1B3A7BB261F48D400578E39 /* HomeViewModel.swift */ = {isa = PBXFileReference; lastKnownFileType = sourcecode.swift; path = HomeViewModel.swift; sourceTree = "<group>"; };
		C1B3A7C0261F498700578E39 /* HomeViewModelTests.swift */ = {isa = PBXFileReference; lastKnownFileType = sourcecode.swift; path = HomeViewModelTests.swift; sourceTree = "<group>"; };
		C1B3A7C5261F4A8700578E39 /* HomeView.swift */ = {isa = PBXFileReference; lastKnownFileType = sourcecode.swift; path = HomeView.swift; sourceTree = "<group>"; };
		C1B8A46F2617D35600CA4719 /* MercadoLibre.app */ = {isa = PBXFileReference; explicitFileType = wrapper.application; includeInIndex = 0; path = MercadoLibre.app; sourceTree = BUILT_PRODUCTS_DIR; };
		C1B8A4722617D35600CA4719 /* AppDelegate.swift */ = {isa = PBXFileReference; lastKnownFileType = sourcecode.swift; path = AppDelegate.swift; sourceTree = "<group>"; };
		C1B8A4742617D35600CA4719 /* SceneDelegate.swift */ = {isa = PBXFileReference; lastKnownFileType = sourcecode.swift; path = SceneDelegate.swift; sourceTree = "<group>"; };
		C1B8A4792617D35600CA4719 /* Base */ = {isa = PBXFileReference; lastKnownFileType = file.storyboard; name = Base; path = Base.lproj/Main.storyboard; sourceTree = "<group>"; };
		C1B8A47B2617D35700CA4719 /* Assets.xcassets */ = {isa = PBXFileReference; lastKnownFileType = folder.assetcatalog; path = Assets.xcassets; sourceTree = "<group>"; };
		C1B8A47E2617D35700CA4719 /* Base */ = {isa = PBXFileReference; lastKnownFileType = file.storyboard; name = Base; path = Base.lproj/LaunchScreen.storyboard; sourceTree = "<group>"; };
		C1B8A4802617D35700CA4719 /* Info.plist */ = {isa = PBXFileReference; lastKnownFileType = text.plist.xml; path = Info.plist; sourceTree = "<group>"; };
		C1B8A4852617D35800CA4719 /* MercadoLibreTests.xctest */ = {isa = PBXFileReference; explicitFileType = wrapper.cfbundle; includeInIndex = 0; path = MercadoLibreTests.xctest; sourceTree = BUILT_PRODUCTS_DIR; };
		C1B8A4892617D35800CA4719 /* MercadoLibreTests.swift */ = {isa = PBXFileReference; lastKnownFileType = sourcecode.swift; path = MercadoLibreTests.swift; sourceTree = "<group>"; };
		C1B8A48B2617D35800CA4719 /* Info.plist */ = {isa = PBXFileReference; lastKnownFileType = text.plist.xml; path = Info.plist; sourceTree = "<group>"; };
		C1B8A4902617D35800CA4719 /* MercadoLibreUITests.xctest */ = {isa = PBXFileReference; explicitFileType = wrapper.cfbundle; includeInIndex = 0; path = MercadoLibreUITests.xctest; sourceTree = BUILT_PRODUCTS_DIR; };
		C1B8A4942617D35800CA4719 /* MercadoLibreUITests.swift */ = {isa = PBXFileReference; lastKnownFileType = sourcecode.swift; path = MercadoLibreUITests.swift; sourceTree = "<group>"; };
		C1B8A4962617D35800CA4719 /* Info.plist */ = {isa = PBXFileReference; lastKnownFileType = text.plist.xml; path = Info.plist; sourceTree = "<group>"; };
		C1B8A4A92617D7AC00CA4719 /* Item.swift */ = {isa = PBXFileReference; fileEncoding = 4; lastKnownFileType = sourcecode.swift; path = Item.swift; sourceTree = "<group>"; };
		C1B8A4AA2617D7AC00CA4719 /* SearchResult.swift */ = {isa = PBXFileReference; fileEncoding = 4; lastKnownFileType = sourcecode.swift; path = SearchResult.swift; sourceTree = "<group>"; };
		C1B8A4AC2617D7AC00CA4719 /* SearchResultDTO.swift */ = {isa = PBXFileReference; fileEncoding = 4; lastKnownFileType = sourcecode.swift; path = SearchResultDTO.swift; sourceTree = "<group>"; };
		C1B8A4AD2617D7AC00CA4719 /* ItemDTO.swift */ = {isa = PBXFileReference; fileEncoding = 4; lastKnownFileType = sourcecode.swift; path = ItemDTO.swift; sourceTree = "<group>"; };
		C1B8A4B72617D7B900CA4719 /* SearchResultDTOTests.swift */ = {isa = PBXFileReference; fileEncoding = 4; lastKnownFileType = sourcecode.swift; path = SearchResultDTOTests.swift; sourceTree = "<group>"; };
		C1B8A4B82617D7B900CA4719 /* ItemDTOTests.swift */ = {isa = PBXFileReference; fileEncoding = 4; lastKnownFileType = sourcecode.swift; path = ItemDTOTests.swift; sourceTree = "<group>"; };
		C1B8A4C12617E62100CA4719 /* UnitTests.xctestplan */ = {isa = PBXFileReference; lastKnownFileType = text; path = UnitTests.xctestplan; sourceTree = "<group>"; };
		C1B8A4CE2617EABD00CA4719 /* AlamofireItemServiceTests.swift */ = {isa = PBXFileReference; lastKnownFileType = sourcecode.swift; path = AlamofireItemServiceTests.swift; sourceTree = "<group>"; };
		C1CE650C2620105A00348F86 /* HomeViewState.swift */ = {isa = PBXFileReference; lastKnownFileType = sourcecode.swift; path = HomeViewState.swift; sourceTree = "<group>"; };
		C1D6EF942617EC7000C847E6 /* APIRoute.swift */ = {isa = PBXFileReference; lastKnownFileType = sourcecode.swift; path = APIRoute.swift; sourceTree = "<group>"; };
		C1D6EF992617EDF400C847E6 /* APIContext.swift */ = {isa = PBXFileReference; lastKnownFileType = sourcecode.swift; path = APIContext.swift; sourceTree = "<group>"; };
		C1D6EF9E2617EE4F00C847E6 /* APIEnvironment.swift */ = {isa = PBXFileReference; lastKnownFileType = sourcecode.swift; path = APIEnvironment.swift; sourceTree = "<group>"; };
		C1D6EFA32617EE7300C847E6 /* APIEnvironments.swift */ = {isa = PBXFileReference; lastKnownFileType = sourcecode.swift; path = APIEnvironments.swift; sourceTree = "<group>"; };
		C1D6EFA82617EF0300C847E6 /* NonPersistentContext.swift */ = {isa = PBXFileReference; lastKnownFileType = sourcecode.swift; path = NonPersistentContext.swift; sourceTree = "<group>"; };
		C1D6EFAE2617F03300C847E6 /* ItemsServiceRouter.swift */ = {isa = PBXFileReference; lastKnownFileType = sourcecode.swift; path = ItemsServiceRouter.swift; sourceTree = "<group>"; };
		C1D6EFB62617F36400C847E6 /* ItemsService.swift */ = {isa = PBXFileReference; lastKnownFileType = sourcecode.swift; path = ItemsService.swift; sourceTree = "<group>"; };
		C1D6EFC12617F50900C847E6 /* ItemsServiceTests.swift */ = {isa = PBXFileReference; lastKnownFileType = sourcecode.swift; path = ItemsServiceTests.swift; sourceTree = "<group>"; };
		C1D6EFCC2617F5BE00C847E6 /* MockItemsService.swift */ = {isa = PBXFileReference; lastKnownFileType = sourcecode.swift; path = MockItemsService.swift; sourceTree = "<group>"; };
		C1D6EFD32617F73F00C847E6 /* ItemServiceErrors.swift */ = {isa = PBXFileReference; lastKnownFileType = sourcecode.swift; path = ItemServiceErrors.swift; sourceTree = "<group>"; };
		C1D6EFE72617FB9900C847E6 /* AlamofireItemService.swift */ = {isa = PBXFileReference; lastKnownFileType = sourcecode.swift; path = AlamofireItemService.swift; sourceTree = "<group>"; };
		C1D6EFEF2617FBF500C847E6 /* AlamofireService.swift */ = {isa = PBXFileReference; lastKnownFileType = sourcecode.swift; path = AlamofireService.swift; sourceTree = "<group>"; };
		C1D6EFF92617FF5100C847E6 /* Debug.xcconfig */ = {isa = PBXFileReference; lastKnownFileType = text.xcconfig; path = Debug.xcconfig; sourceTree = "<group>"; };
		C1D6EFFA2617FF7300C847E6 /* Release.xcconfig */ = {isa = PBXFileReference; lastKnownFileType = text.xcconfig; path = Release.xcconfig; sourceTree = "<group>"; };
		C1D6F0092618036500C847E6 /* APIEnvironmentsTests.swift */ = {isa = PBXFileReference; lastKnownFileType = sourcecode.swift; path = APIEnvironmentsTests.swift; sourceTree = "<group>"; };
		C1D6F0232618086100C847E6 /* Integration.xctestplan */ = {isa = PBXFileReference; lastKnownFileType = text; path = Integration.xctestplan; sourceTree = "<group>"; };
		C1D6F03A261818A800C847E6 /* Contants.swift */ = {isa = PBXFileReference; lastKnownFileType = sourcecode.swift; path = Contants.swift; sourceTree = "<group>"; };
		C1FDA6642629DE0300800E8A /* ProductView.swift */ = {isa = PBXFileReference; lastKnownFileType = sourcecode.swift; path = ProductView.swift; sourceTree = "<group>"; };
		C1FDA6692629DED600800E8A /* ProductViewModel.swift */ = {isa = PBXFileReference; lastKnownFileType = sourcecode.swift; path = ProductViewModel.swift; sourceTree = "<group>"; };
		C1FDA66E2629ECBA00800E8A /* ProductViewModelTests.swift */ = {isa = PBXFileReference; lastKnownFileType = sourcecode.swift; path = ProductViewModelTests.swift; sourceTree = "<group>"; };
		C1FDA673262A02BF00800E8A /* ProductViewState.swift */ = {isa = PBXFileReference; lastKnownFileType = sourcecode.swift; path = ProductViewState.swift; sourceTree = "<group>"; };
		C1FDA678262A035800800E8A /* ProductViewStates.swift */ = {isa = PBXFileReference; lastKnownFileType = sourcecode.swift; path = ProductViewStates.swift; sourceTree = "<group>"; };
/* End PBXFileReference section */

/* Begin PBXFrameworksBuildPhase section */
		C1B8A46C2617D35600CA4719 /* Frameworks */ = {
			isa = PBXFrameworksBuildPhase;
			buildActionMask = 2147483647;
			files = (
				C15B4717262D22EC0001282A /* Kingfisher in Frameworks */,
				C1D6EF8C2617EBE800C847E6 /* Alamofire in Frameworks */,
			);
			runOnlyForDeploymentPostprocessing = 0;
		};
		C1B8A4822617D35800CA4719 /* Frameworks */ = {
			isa = PBXFrameworksBuildPhase;
			buildActionMask = 2147483647;
			files = (
			);
			runOnlyForDeploymentPostprocessing = 0;
		};
		C1B8A48D2617D35800CA4719 /* Frameworks */ = {
			isa = PBXFrameworksBuildPhase;
			buildActionMask = 2147483647;
			files = (
			);
			runOnlyForDeploymentPostprocessing = 0;
		};
/* End PBXFrameworksBuildPhase section */

/* Begin PBXGroup section */
		C11A1E582624ADDB00B88FCF /* Product */ = {
			isa = PBXGroup;
			children = (
				C11A1E592624AE0C00B88FCF /* ProductViewControllerTests.swift */,
				C1FDA66E2629ECBA00800E8A /* ProductViewModelTests.swift */,
			);
			path = Product;
			sourceTree = "<group>";
		};
		C1205D0126275DF6005DF889 /* NavigationCoordinators */ = {
			isa = PBXGroup;
			children = (
				C1205D1A2627AABE005DF889 /* Storyboards */,
				C1205D0226275E0A005DF889 /* Coordinator.swift */,
				C1205D0A26275E55005DF889 /* Storyboarded.swift */,
				C1205D0F26275E94005DF889 /* MainCoordinator.swift */,
			);
			path = NavigationCoordinators;
			sourceTree = "<group>";
		};
		C1205D1A2627AABE005DF889 /* Storyboards */ = {
			isa = PBXGroup;
			children = (
				C1205D1B2627AB06005DF889 /* CoordinatorStoryboards.swift */,
			);
			path = Storyboards;
			sourceTree = "<group>";
		};
		C12D602B261C97B1002A9F23 /* Helpers */ = {
			isa = PBXGroup;
			children = (
				C12D602C261C97CB002A9F23 /* JsonHelperTests.swift */,
			);
			path = Helpers;
			sourceTree = "<group>";
		};
		C12D6034261C99A1002A9F23 /* Helpers */ = {
			isa = PBXGroup;
			children = (
				C197E74D26209327005BDBF1 /* UIKit */,
				C12D603D261C9A98002A9F23 /* json */,
			);
			path = Helpers;
			sourceTree = "<group>";
		};
		C12D603D261C9A98002A9F23 /* json */ = {
			isa = PBXGroup;
			children = (
				C12D603E261C9AA6002A9F23 /* sources */,
				C12D6035261C99B3002A9F23 /* JsonHelper.swift */,
			);
			path = json;
			sourceTree = "<group>";
		};
		C12D603E261C9AA6002A9F23 /* sources */ = {
			isa = PBXGroup;
			children = (
				C12D6042261C9F63002A9F23 /* itemsResult.json */,
				C12D6043261C9F63002A9F23 /* searchResult.json */,
			);
			path = sources;
			sourceTree = "<group>";
		};
		C13D7C232625318500FF5713 /* Product */ = {
			isa = PBXGroup;
			children = (
				C13D7C332625329A00FF5713 /* Product.storyboard */,
				C13D7C382625332300FF5713 /* ProductViewController.swift */,
				C1FDA6642629DE0300800E8A /* ProductView.swift */,
				C1FDA6692629DED600800E8A /* ProductViewModel.swift */,
				C1FDA673262A02BF00800E8A /* ProductViewState.swift */,
				C1FDA678262A035800800E8A /* ProductViewStates.swift */,
			);
			path = Product;
			sourceTree = "<group>";
		};
		C13DAF2B261E996E00FDC489 /* Translators */ = {
			isa = PBXGroup;
			children = (
				C13DAF2C261E99A600FDC489 /* ProductTranslatorTests.swift */,
			);
			path = Translators;
			sourceTree = "<group>";
		};
		C13DAF34261E9A9E00FDC489 /* Translators */ = {
			isa = PBXGroup;
			children = (
				C13DAF35261E9AE400FDC489 /* ProductTranslator.swift */,
			);
			path = Translators;
			sourceTree = "<group>";
		};
		C15B471B262D23250001282A /* Assets */ = {
			isa = PBXGroup;
			children = (
				C15B471C262D23470001282A /* Media.xcassets */,
			);
			path = Assets;
			sourceTree = "<group>";
		};
		C197E74D26209327005BDBF1 /* UIKit */ = {
			isa = PBXGroup;
			children = (
				C197E74E2620934F005BDBF1 /* TableViewCellCustomizable.swift */,
				C197E76626209B2B005BDBF1 /* CellViewModel.swift */,
			);
			path = UIKit;
			sourceTree = "<group>";
		};
		C197E75B262096A7005BDBF1 /* CellPrototype */ = {
			isa = PBXGroup;
			children = (
				C197E75C262096EF005BDBF1 /* HomeTableViewCell.swift */,
				C197E75D262096EF005BDBF1 /* HomeTableViewCell.xib */,
			);
			path = CellPrototype;
			sourceTree = "<group>";
		};
		C1B3A797261F381F00578E39 /* Modules */ = {
			isa = PBXGroup;
			children = (
				C11A1E582624ADDB00B88FCF /* Product */,
				C1B3A798261F382800578E39 /* Home */,
			);
			path = Modules;
			sourceTree = "<group>";
		};
		C1B3A798261F382800578E39 /* Home */ = {
			isa = PBXGroup;
			children = (
				C1B3A79E261F394900578E39 /* HomeViewControllerTests.swift */,
				C1B3A7C0261F498700578E39 /* HomeViewModelTests.swift */,
				C197E756262094E3005BDBF1 /* HomeTableViewCellTests.swift */,
				C197E76B2620A265005BDBF1 /* ProductCellViewModelTests.swift */,
				C11A1E4A26246D6500B88FCF /* HomeViewDataProviderTests.swift */,
			);
			path = Home;
			sourceTree = "<group>";
		};
		C1B3A799261F392900578E39 /* Modules */ = {
			isa = PBXGroup;
			children = (
				C13D7C232625318500FF5713 /* Product */,
				C1B3A79A261F393200578E39 /* Home */,
			);
			path = Modules;
			sourceTree = "<group>";
		};
		C1B3A79A261F393200578E39 /* Home */ = {
			isa = PBXGroup;
			children = (
				C197E75B262096A7005BDBF1 /* CellPrototype */,
				C1B8A4782617D35600CA4719 /* Main.storyboard */,
				C1B3A7B1261F423900578E39 /* HomeViewController.swift */,
				C1B3A7BB261F48D400578E39 /* HomeViewModel.swift */,
				C1B3A7C5261F4A8700578E39 /* HomeView.swift */,
				C1CE650C2620105A00348F86 /* HomeViewState.swift */,
				C197E7702620A6C1005BDBF1 /* ProductCellViewModel.swift */,
				C1288ED226260A9C00B7FB70 /* HomeViewStates.swift */,
			);
			path = Home;
			sourceTree = "<group>";
		};
		C1B8A4662617D35600CA4719 = {
			isa = PBXGroup;
			children = (
				C1B8A4712617D35600CA4719 /* MercadoLibre */,
				C1B8A4C52617E64C00CA4719 /* TestPlans */,
				C1B8A4882617D35800CA4719 /* MercadoLibreTests */,
				C1B8A4932617D35800CA4719 /* MercadoLibreUITests */,
				C1B8A4702617D35600CA4719 /* Products */,
			);
			sourceTree = "<group>";
		};
		C1B8A4702617D35600CA4719 /* Products */ = {
			isa = PBXGroup;
			children = (
				C1B8A46F2617D35600CA4719 /* MercadoLibre.app */,
				C1B8A4852617D35800CA4719 /* MercadoLibreTests.xctest */,
				C1B8A4902617D35800CA4719 /* MercadoLibreUITests.xctest */,
			);
			name = Products;
			sourceTree = "<group>";
		};
		C1B8A4712617D35600CA4719 /* MercadoLibre */ = {
			isa = PBXGroup;
			children = (
				C1205D0126275DF6005DF889 /* NavigationCoordinators */,
				C1B3A799261F392900578E39 /* Modules */,
				C12D6034261C99A1002A9F23 /* Helpers */,
				C1D6EFF72617FEEE00C847E6 /* SupportFiles */,
				C1D6EF902617EC3600C847E6 /* Common */,
				C1B8A4A82617D7AC00CA4719 /* Model */,
				C1B8A4722617D35600CA4719 /* AppDelegate.swift */,
				C1B8A4742617D35600CA4719 /* SceneDelegate.swift */,
				C1B8A47B2617D35700CA4719 /* Assets.xcassets */,
				C1B8A47D2617D35700CA4719 /* LaunchScreen.storyboard */,
				C1B8A4802617D35700CA4719 /* Info.plist */,
			);
			path = MercadoLibre;
			sourceTree = "<group>";
		};
		C1B8A4882617D35800CA4719 /* MercadoLibreTests */ = {
			isa = PBXGroup;
			children = (
				C1B3A797261F381F00578E39 /* Modules */,
				C12D602B261C97B1002A9F23 /* Helpers */,
				C1B8A4CC2617E87A00CA4719 /* Common */,
				C1B8A4B52617D7B900CA4719 /* Model */,
				C1B8A4892617D35800CA4719 /* MercadoLibreTests.swift */,
				C1B8A48B2617D35800CA4719 /* Info.plist */,
			);
			path = MercadoLibreTests;
			sourceTree = "<group>";
		};
		C1B8A4932617D35800CA4719 /* MercadoLibreUITests */ = {
			isa = PBXGroup;
			children = (
				C1B8A4942617D35800CA4719 /* MercadoLibreUITests.swift */,
				C1B8A4962617D35800CA4719 /* Info.plist */,
			);
			path = MercadoLibreUITests;
			sourceTree = "<group>";
		};
		C1B8A4A82617D7AC00CA4719 /* Model */ = {
			isa = PBXGroup;
			children = (
				C1B8A4AB2617D7AC00CA4719 /* DataTransferObjects */,
				C1B8A4A92617D7AC00CA4719 /* Item.swift */,
				C15B4724262D34900001282A /* Image.swift */,
				C1B8A4AA2617D7AC00CA4719 /* SearchResult.swift */,
				C12D604E261CAE6B002A9F23 /* Product.swift */,
				C15BCFA8262D39DB007DE551 /* Picture.swift */,
			);
			path = Model;
			sourceTree = "<group>";
		};
		C1B8A4AB2617D7AC00CA4719 /* DataTransferObjects */ = {
			isa = PBXGroup;
			children = (
				C1B8A4AC2617D7AC00CA4719 /* SearchResultDTO.swift */,
				C1B8A4AD2617D7AC00CA4719 /* ItemDTO.swift */,
				C1381518261C8859001FE25A /* ItemResultDTO.swift */,
				C15B4729262D35760001282A /* PictureDTO.swift */,
			);
			path = DataTransferObjects;
			sourceTree = "<group>";
		};
		C1B8A4B52617D7B900CA4719 /* Model */ = {
			isa = PBXGroup;
			children = (
				C1B8A4B62617D7B900CA4719 /* DataTransferObjects */,
				C12D6049261CADFA002A9F23 /* ProductTests.swift */,
			);
			path = Model;
			sourceTree = "<group>";
		};
		C1B8A4B62617D7B900CA4719 /* DataTransferObjects */ = {
			isa = PBXGroup;
			children = (
				C1B8A4B72617D7B900CA4719 /* SearchResultDTOTests.swift */,
				C1B8A4B82617D7B900CA4719 /* ItemDTOTests.swift */,
			);
			path = DataTransferObjects;
			sourceTree = "<group>";
		};
		C1B8A4C52617E64C00CA4719 /* TestPlans */ = {
			isa = PBXGroup;
			children = (
				C1D6F0232618086100C847E6 /* Integration.xctestplan */,
				C1B8A4C12617E62100CA4719 /* UnitTests.xctestplan */,
			);
			path = TestPlans;
			sourceTree = "<group>";
		};
		C1B8A4CC2617E87A00CA4719 /* Common */ = {
			isa = PBXGroup;
			children = (
				C13DAF2B261E996E00FDC489 /* Translators */,
				C1B8A4CD2617E88C00CA4719 /* API */,
			);
			path = Common;
			sourceTree = "<group>";
		};
		C1B8A4CD2617E88C00CA4719 /* API */ = {
			isa = PBXGroup;
			children = (
				C1D6EFBF2617F4CA00C847E6 /* Services */,
				C1D6F0092618036500C847E6 /* APIEnvironmentsTests.swift */,
			);
			path = API;
			sourceTree = "<group>";
		};
		C1D6EF902617EC3600C847E6 /* Common */ = {
			isa = PBXGroup;
			children = (
				C1D6F0392618189100C847E6 /* Contants */,
				C1D6EF912617EC3F00C847E6 /* API */,
			);
			path = Common;
			sourceTree = "<group>";
		};
		C1D6EF912617EC3F00C847E6 /* API */ = {
			isa = PBXGroup;
			children = (
				C13DAF34261E9A9E00FDC489 /* Translators */,
				C1D6EFAD2617EF5900C847E6 /* Services */,
				C1D6EF922617EC5000C847E6 /* Alamofire */,
			);
			path = API;
			sourceTree = "<group>";
		};
		C1D6EF922617EC5000C847E6 /* Alamofire */ = {
			isa = PBXGroup;
			children = (
				C1D6EFB42617F10100C847E6 /* Routers */,
				C1D6EF932617EC5700C847E6 /* Base */,
				C1D6EFEF2617FBF500C847E6 /* AlamofireService.swift */,
			);
			path = Alamofire;
			sourceTree = "<group>";
		};
		C1D6EF932617EC5700C847E6 /* Base */ = {
			isa = PBXGroup;
			children = (
				C1D6EF942617EC7000C847E6 /* APIRoute.swift */,
				C1D6EF992617EDF400C847E6 /* APIContext.swift */,
				C1D6EF9E2617EE4F00C847E6 /* APIEnvironment.swift */,
				C1D6EFA32617EE7300C847E6 /* APIEnvironments.swift */,
				C1D6EFA82617EF0300C847E6 /* NonPersistentContext.swift */,
			);
			path = Base;
			sourceTree = "<group>";
		};
		C1D6EFAD2617EF5900C847E6 /* Services */ = {
			isa = PBXGroup;
			children = (
				C1D6EFB52617F11600C847E6 /* Items */,
			);
			path = Services;
			sourceTree = "<group>";
		};
		C1D6EFB42617F10100C847E6 /* Routers */ = {
			isa = PBXGroup;
			children = (
				C1D6EFAE2617F03300C847E6 /* ItemsServiceRouter.swift */,
			);
			path = Routers;
			sourceTree = "<group>";
		};
		C1D6EFB52617F11600C847E6 /* Items */ = {
			isa = PBXGroup;
			children = (
				C1D6EFD22617F72100C847E6 /* Errors */,
				C1D6EFCC2617F5BE00C847E6 /* MockItemsService.swift */,
				C1D6EFE72617FB9900C847E6 /* AlamofireItemService.swift */,
				C1D6EFB62617F36400C847E6 /* ItemsService.swift */,
			);
			path = Items;
			sourceTree = "<group>";
		};
		C1D6EFBF2617F4CA00C847E6 /* Services */ = {
			isa = PBXGroup;
			children = (
				C1D6EFC02617F4D900C847E6 /* Items */,
			);
			path = Services;
			sourceTree = "<group>";
		};
		C1D6EFC02617F4D900C847E6 /* Items */ = {
			isa = PBXGroup;
			children = (
				C1B8A4CE2617EABD00CA4719 /* AlamofireItemServiceTests.swift */,
				C1D6EFC12617F50900C847E6 /* ItemsServiceTests.swift */,
			);
			path = Items;
			sourceTree = "<group>";
		};
		C1D6EFD22617F72100C847E6 /* Errors */ = {
			isa = PBXGroup;
			children = (
				C1D6EFD32617F73F00C847E6 /* ItemServiceErrors.swift */,
			);
			path = Errors;
			sourceTree = "<group>";
		};
		C1D6EFF72617FEEE00C847E6 /* SupportFiles */ = {
			isa = PBXGroup;
			children = (
				C15B471B262D23250001282A /* Assets */,
				C1D6EFF82617FF1E00C847E6 /* BuildConfigurations */,
			);
			path = SupportFiles;
			sourceTree = "<group>";
		};
		C1D6EFF82617FF1E00C847E6 /* BuildConfigurations */ = {
			isa = PBXGroup;
			children = (
				C1D6EFF92617FF5100C847E6 /* Debug.xcconfig */,
				C1D6EFFA2617FF7300C847E6 /* Release.xcconfig */,
			);
			path = BuildConfigurations;
			sourceTree = "<group>";
		};
		C1D6F0392618189100C847E6 /* Contants */ = {
			isa = PBXGroup;
			children = (
				C1D6F03A261818A800C847E6 /* Contants.swift */,
			);
			path = Contants;
			sourceTree = "<group>";
		};
/* End PBXGroup section */

/* Begin PBXNativeTarget section */
		C1B8A46E2617D35600CA4719 /* MercadoLibre */ = {
			isa = PBXNativeTarget;
			buildConfigurationList = C1B8A4992617D35800CA4719 /* Build configuration list for PBXNativeTarget "MercadoLibre" */;
			buildPhases = (
				C1B8A46B2617D35600CA4719 /* Sources */,
				C1B8A46C2617D35600CA4719 /* Frameworks */,
				C1B8A46D2617D35600CA4719 /* Resources */,
				C1FDA67D262A802D00800E8A /* Run SwiftLint */,
			);
			buildRules = (
			);
			dependencies = (
			);
			name = MercadoLibre;
			packageProductDependencies = (
				C1D6EF8B2617EBE800C847E6 /* Alamofire */,
				C15B4716262D22EC0001282A /* Kingfisher */,
			);
			productName = MercadoLibre;
			productReference = C1B8A46F2617D35600CA4719 /* MercadoLibre.app */;
			productType = "com.apple.product-type.application";
		};
		C1B8A4842617D35800CA4719 /* MercadoLibreTests */ = {
			isa = PBXNativeTarget;
			buildConfigurationList = C1B8A49C2617D35800CA4719 /* Build configuration list for PBXNativeTarget "MercadoLibreTests" */;
			buildPhases = (
				C1B8A4812617D35800CA4719 /* Sources */,
				C1B8A4822617D35800CA4719 /* Frameworks */,
				C1B8A4832617D35800CA4719 /* Resources */,
			);
			buildRules = (
			);
			dependencies = (
				C1B8A4872617D35800CA4719 /* PBXTargetDependency */,
			);
			name = MercadoLibreTests;
			productName = MercadoLibreTests;
			productReference = C1B8A4852617D35800CA4719 /* MercadoLibreTests.xctest */;
			productType = "com.apple.product-type.bundle.unit-test";
		};
		C1B8A48F2617D35800CA4719 /* MercadoLibreUITests */ = {
			isa = PBXNativeTarget;
			buildConfigurationList = C1B8A49F2617D35800CA4719 /* Build configuration list for PBXNativeTarget "MercadoLibreUITests" */;
			buildPhases = (
				C1B8A48C2617D35800CA4719 /* Sources */,
				C1B8A48D2617D35800CA4719 /* Frameworks */,
				C1B8A48E2617D35800CA4719 /* Resources */,
			);
			buildRules = (
			);
			dependencies = (
				C1B8A4922617D35800CA4719 /* PBXTargetDependency */,
			);
			name = MercadoLibreUITests;
			productName = MercadoLibreUITests;
			productReference = C1B8A4902617D35800CA4719 /* MercadoLibreUITests.xctest */;
			productType = "com.apple.product-type.bundle.ui-testing";
		};
/* End PBXNativeTarget section */

/* Begin PBXProject section */
		C1B8A4672617D35600CA4719 /* Project object */ = {
			isa = PBXProject;
			attributes = {
				LastSwiftUpdateCheck = 1240;
				LastUpgradeCheck = 1240;
				TargetAttributes = {
					C1B8A46E2617D35600CA4719 = {
						CreatedOnToolsVersion = 12.4;
					};
					C1B8A4842617D35800CA4719 = {
						CreatedOnToolsVersion = 12.4;
						TestTargetID = C1B8A46E2617D35600CA4719;
					};
					C1B8A48F2617D35800CA4719 = {
						CreatedOnToolsVersion = 12.4;
						TestTargetID = C1B8A46E2617D35600CA4719;
					};
				};
			};
			buildConfigurationList = C1B8A46A2617D35600CA4719 /* Build configuration list for PBXProject "MercadoLibre" */;
			compatibilityVersion = "Xcode 9.3";
			developmentRegion = en;
			hasScannedForEncodings = 0;
			knownRegions = (
				en,
				Base,
			);
			mainGroup = C1B8A4662617D35600CA4719;
			packageReferences = (
				C1D6EF8A2617EBE800C847E6 /* XCRemoteSwiftPackageReference "Alamofire" */,
				C15B4715262D22EC0001282A /* XCRemoteSwiftPackageReference "Kingfisher" */,
			);
			productRefGroup = C1B8A4702617D35600CA4719 /* Products */;
			projectDirPath = "";
			projectRoot = "";
			targets = (
				C1B8A46E2617D35600CA4719 /* MercadoLibre */,
				C1B8A4842617D35800CA4719 /* MercadoLibreTests */,
				C1B8A48F2617D35800CA4719 /* MercadoLibreUITests */,
			);
		};
/* End PBXProject section */

/* Begin PBXResourcesBuildPhase section */
		C1B8A46D2617D35600CA4719 /* Resources */ = {
			isa = PBXResourcesBuildPhase;
			buildActionMask = 2147483647;
			files = (
				C1B8A47F2617D35700CA4719 /* LaunchScreen.storyboard in Resources */,
				C12D6044261C9F63002A9F23 /* itemsResult.json in Resources */,
				C15B471D262D23470001282A /* Media.xcassets in Resources */,
				C13D7C342625329A00FF5713 /* Product.storyboard in Resources */,
				C12D6045261C9F63002A9F23 /* searchResult.json in Resources */,
				C1B8A47C2617D35700CA4719 /* Assets.xcassets in Resources */,
				C197E75F262096EF005BDBF1 /* HomeTableViewCell.xib in Resources */,
				C1B8A47A2617D35600CA4719 /* Main.storyboard in Resources */,
			);
			runOnlyForDeploymentPostprocessing = 0;
		};
		C1B8A4832617D35800CA4719 /* Resources */ = {
			isa = PBXResourcesBuildPhase;
			buildActionMask = 2147483647;
			files = (
			);
			runOnlyForDeploymentPostprocessing = 0;
		};
		C1B8A48E2617D35800CA4719 /* Resources */ = {
			isa = PBXResourcesBuildPhase;
			buildActionMask = 2147483647;
			files = (
			);
			runOnlyForDeploymentPostprocessing = 0;
		};
/* End PBXResourcesBuildPhase section */

/* Begin PBXShellScriptBuildPhase section */
		C1FDA67D262A802D00800E8A /* Run SwiftLint */ = {
			isa = PBXShellScriptBuildPhase;
			buildActionMask = 2147483647;
			files = (
			);
			inputFileListPaths = (
			);
			inputPaths = (
			);
			name = "Run SwiftLint";
			outputFileListPaths = (
			);
			outputPaths = (
			);
			runOnlyForDeploymentPostprocessing = 0;
			shellPath = /bin/sh;
			shellScript = "# Type a script or drag a script file from your workspace to insert its path.\n# Adds support for Apple Silicon brew directory\nexport PATH=\"$PATH:/opt/homebrew/bin\"\n\nif which swiftlint >/dev/null; then\n  swiftlint --fix && swiftlint\nelse\n  echo \"warning: SwiftLint not installed, download from https://github.com/realm/SwiftLint\"\nfi\n";
		};
/* End PBXShellScriptBuildPhase section */

/* Begin PBXSourcesBuildPhase section */
		C1B8A46B2617D35600CA4719 /* Sources */ = {
			isa = PBXSourcesBuildPhase;
			buildActionMask = 2147483647;
			files = (
				C1FDA6652629DE0300800E8A /* ProductView.swift in Sources */,
				C13DAF36261E9AE400FDC489 /* ProductTranslator.swift in Sources */,
				C1B8A4B02617D7AC00CA4719 /* SearchResultDTO.swift in Sources */,
				C1381519261C8859001FE25A /* ItemResultDTO.swift in Sources */,
				C197E7712620A6C1005BDBF1 /* ProductCellViewModel.swift in Sources */,
				C1B3A7BC261F48D400578E39 /* HomeViewModel.swift in Sources */,
				C1D6F03B261818A800C847E6 /* Contants.swift in Sources */,
				C12D6036261C99B3002A9F23 /* JsonHelper.swift in Sources */,
				C1288ED326260A9C00B7FB70 /* HomeViewStates.swift in Sources */,
				C1205D1C2627AB06005DF889 /* CoordinatorStoryboards.swift in Sources */,
				C15B4725262D34900001282A /* Image.swift in Sources */,
				C1205D1026275E94005DF889 /* MainCoordinator.swift in Sources */,
				C1B8A4AE2617D7AC00CA4719 /* Item.swift in Sources */,
				C12D604F261CAE6B002A9F23 /* Product.swift in Sources */,
				C1D6EFCD2617F5BE00C847E6 /* MockItemsService.swift in Sources */,
				C1D6EF952617EC7000C847E6 /* APIRoute.swift in Sources */,
				C13D7C392625332300FF5713 /* ProductViewController.swift in Sources */,
				C197E76726209B2B005BDBF1 /* CellViewModel.swift in Sources */,
				C1FDA674262A02BF00800E8A /* ProductViewState.swift in Sources */,
				C15BCFA9262D39DB007DE551 /* Picture.swift in Sources */,
				C1D6EFB72617F36400C847E6 /* ItemsService.swift in Sources */,
				C1B3A7B3261F423900578E39 /* HomeViewController.swift in Sources */,
				C1D6EFAF2617F03300C847E6 /* ItemsServiceRouter.swift in Sources */,
				C1205D0326275E0A005DF889 /* Coordinator.swift in Sources */,
				C1D6EFA92617EF0300C847E6 /* NonPersistentContext.swift in Sources */,
				C1B3A7C6261F4A8700578E39 /* HomeView.swift in Sources */,
				C1D6EF9A2617EDF400C847E6 /* APIContext.swift in Sources */,
				C1FDA66A2629DED600800E8A /* ProductViewModel.swift in Sources */,
				C1B8A4AF2617D7AC00CA4719 /* SearchResult.swift in Sources */,
				C1D6EFF02617FBF500C847E6 /* AlamofireService.swift in Sources */,
				C1D6EFA42617EE7300C847E6 /* APIEnvironments.swift in Sources */,
				C1B8A4B12617D7AC00CA4719 /* ItemDTO.swift in Sources */,
				C1205D0B26275E55005DF889 /* Storyboarded.swift in Sources */,
				C1CE650D2620105A00348F86 /* HomeViewState.swift in Sources */,
				C1B8A4732617D35600CA4719 /* AppDelegate.swift in Sources */,
				C197E74F2620934F005BDBF1 /* TableViewCellCustomizable.swift in Sources */,
				C1FDA679262A035800800E8A /* ProductViewStates.swift in Sources */,
				C1D6EF9F2617EE4F00C847E6 /* APIEnvironment.swift in Sources */,
				C1B8A4752617D35600CA4719 /* SceneDelegate.swift in Sources */,
				C15B472A262D35760001282A /* PictureDTO.swift in Sources */,
				C197E75E262096EF005BDBF1 /* HomeTableViewCell.swift in Sources */,
				C1D6EFE22617F92E00C847E6 /* ItemServiceErrors.swift in Sources */,
				C1D6EFE82617FB9900C847E6 /* AlamofireItemService.swift in Sources */,
			);
			runOnlyForDeploymentPostprocessing = 0;
		};
		C1B8A4812617D35800CA4719 /* Sources */ = {
			isa = PBXSourcesBuildPhase;
			buildActionMask = 2147483647;
			files = (
				C1B3A7C1261F498700578E39 /* HomeViewModelTests.swift in Sources */,
				C1B8A4B92617D7B900CA4719 /* SearchResultDTOTests.swift in Sources */,
				C13DAF2D261E99A600FDC489 /* ProductTranslatorTests.swift in Sources */,
				C12D604A261CADFA002A9F23 /* ProductTests.swift in Sources */,
				C11A1E4B26246D6500B88FCF /* HomeViewDataProviderTests.swift in Sources */,
				C1D6EFC22617F50900C847E6 /* ItemsServiceTests.swift in Sources */,
				C1FDA66F2629ECBA00800E8A /* ProductViewModelTests.swift in Sources */,
				C1B8A4CF2617EABD00CA4719 /* AlamofireItemServiceTests.swift in Sources */,
				C197E757262094E3005BDBF1 /* HomeTableViewCellTests.swift in Sources */,
				C1B3A79F261F394900578E39 /* HomeViewControllerTests.swift in Sources */,
				C11A1E5A2624AE0C00B88FCF /* ProductViewControllerTests.swift in Sources */,
				C1B8A4BA2617D7B900CA4719 /* ItemDTOTests.swift in Sources */,
				C1D6F00A2618036500C847E6 /* APIEnvironmentsTests.swift in Sources */,
				C1B8A48A2617D35800CA4719 /* MercadoLibreTests.swift in Sources */,
				C12D602D261C97CB002A9F23 /* JsonHelperTests.swift in Sources */,
				C197E76C2620A265005BDBF1 /* ProductCellViewModelTests.swift in Sources */,
			);
			runOnlyForDeploymentPostprocessing = 0;
		};
		C1B8A48C2617D35800CA4719 /* Sources */ = {
			isa = PBXSourcesBuildPhase;
			buildActionMask = 2147483647;
			files = (
				C1B8A4952617D35800CA4719 /* MercadoLibreUITests.swift in Sources */,
			);
			runOnlyForDeploymentPostprocessing = 0;
		};
/* End PBXSourcesBuildPhase section */

/* Begin PBXTargetDependency section */
		C1B8A4872617D35800CA4719 /* PBXTargetDependency */ = {
			isa = PBXTargetDependency;
			target = C1B8A46E2617D35600CA4719 /* MercadoLibre */;
			targetProxy = C1B8A4862617D35800CA4719 /* PBXContainerItemProxy */;
		};
		C1B8A4922617D35800CA4719 /* PBXTargetDependency */ = {
			isa = PBXTargetDependency;
			target = C1B8A46E2617D35600CA4719 /* MercadoLibre */;
			targetProxy = C1B8A4912617D35800CA4719 /* PBXContainerItemProxy */;
		};
/* End PBXTargetDependency section */

/* Begin PBXVariantGroup section */
		C1B8A4782617D35600CA4719 /* Main.storyboard */ = {
			isa = PBXVariantGroup;
			children = (
				C1B8A4792617D35600CA4719 /* Base */,
			);
			name = Main.storyboard;
			sourceTree = "<group>";
		};
		C1B8A47D2617D35700CA4719 /* LaunchScreen.storyboard */ = {
			isa = PBXVariantGroup;
			children = (
				C1B8A47E2617D35700CA4719 /* Base */,
			);
			name = LaunchScreen.storyboard;
			sourceTree = "<group>";
		};
/* End PBXVariantGroup section */

/* Begin XCBuildConfiguration section */
		C1B8A4972617D35800CA4719 /* Debug */ = {
			isa = XCBuildConfiguration;
			baseConfigurationReference = C1D6EFF92617FF5100C847E6 /* Debug.xcconfig */;
			buildSettings = {
				ALWAYS_SEARCH_USER_PATHS = NO;
				CLANG_ANALYZER_NONNULL = YES;
				CLANG_ANALYZER_NUMBER_OBJECT_CONVERSION = YES_AGGRESSIVE;
				CLANG_CXX_LANGUAGE_STANDARD = "gnu++14";
				CLANG_CXX_LIBRARY = "libc++";
				CLANG_ENABLE_MODULES = YES;
				CLANG_ENABLE_OBJC_ARC = YES;
				CLANG_ENABLE_OBJC_WEAK = YES;
				CLANG_WARN_BLOCK_CAPTURE_AUTORELEASING = YES;
				CLANG_WARN_BOOL_CONVERSION = YES;
				CLANG_WARN_COMMA = YES;
				CLANG_WARN_CONSTANT_CONVERSION = YES;
				CLANG_WARN_DEPRECATED_OBJC_IMPLEMENTATIONS = YES;
				CLANG_WARN_DIRECT_OBJC_ISA_USAGE = YES_ERROR;
				CLANG_WARN_DOCUMENTATION_COMMENTS = YES;
				CLANG_WARN_EMPTY_BODY = YES;
				CLANG_WARN_ENUM_CONVERSION = YES;
				CLANG_WARN_INFINITE_RECURSION = YES;
				CLANG_WARN_INT_CONVERSION = YES;
				CLANG_WARN_NON_LITERAL_NULL_CONVERSION = YES;
				CLANG_WARN_OBJC_IMPLICIT_RETAIN_SELF = YES;
				CLANG_WARN_OBJC_LITERAL_CONVERSION = YES;
				CLANG_WARN_OBJC_ROOT_CLASS = YES_ERROR;
				CLANG_WARN_QUOTED_INCLUDE_IN_FRAMEWORK_HEADER = YES;
				CLANG_WARN_RANGE_LOOP_ANALYSIS = YES;
				CLANG_WARN_STRICT_PROTOTYPES = YES;
				CLANG_WARN_SUSPICIOUS_MOVE = YES;
				CLANG_WARN_UNGUARDED_AVAILABILITY = YES_AGGRESSIVE;
				CLANG_WARN_UNREACHABLE_CODE = YES;
				CLANG_WARN__DUPLICATE_METHOD_MATCH = YES;
				COPY_PHASE_STRIP = NO;
				DEBUG_INFORMATION_FORMAT = dwarf;
				ENABLE_STRICT_OBJC_MSGSEND = YES;
				ENABLE_TESTABILITY = YES;
				GCC_C_LANGUAGE_STANDARD = gnu11;
				GCC_DYNAMIC_NO_PIC = NO;
				GCC_NO_COMMON_BLOCKS = YES;
				GCC_OPTIMIZATION_LEVEL = 0;
				GCC_PREPROCESSOR_DEFINITIONS = (
					"DEBUG=1",
					"$(inherited)",
				);
				GCC_WARN_64_TO_32_BIT_CONVERSION = YES;
				GCC_WARN_ABOUT_RETURN_TYPE = YES_ERROR;
				GCC_WARN_UNDECLARED_SELECTOR = YES;
				GCC_WARN_UNINITIALIZED_AUTOS = YES_AGGRESSIVE;
				GCC_WARN_UNUSED_FUNCTION = YES;
				GCC_WARN_UNUSED_VARIABLE = YES;
				IPHONEOS_DEPLOYMENT_TARGET = 14.4;
				MTL_ENABLE_DEBUG_INFO = INCLUDE_SOURCE;
				MTL_FAST_MATH = YES;
				ONLY_ACTIVE_ARCH = YES;
				SDKROOT = iphoneos;
				SWIFT_ACTIVE_COMPILATION_CONDITIONS = DEBUG;
				SWIFT_OPTIMIZATION_LEVEL = "-Onone";
			};
			name = Debug;
		};
		C1B8A4982617D35800CA4719 /* Release */ = {
			isa = XCBuildConfiguration;
			baseConfigurationReference = C1D6EFFA2617FF7300C847E6 /* Release.xcconfig */;
			buildSettings = {
				ALWAYS_SEARCH_USER_PATHS = NO;
				CLANG_ANALYZER_NONNULL = YES;
				CLANG_ANALYZER_NUMBER_OBJECT_CONVERSION = YES_AGGRESSIVE;
				CLANG_CXX_LANGUAGE_STANDARD = "gnu++14";
				CLANG_CXX_LIBRARY = "libc++";
				CLANG_ENABLE_MODULES = YES;
				CLANG_ENABLE_OBJC_ARC = YES;
				CLANG_ENABLE_OBJC_WEAK = YES;
				CLANG_WARN_BLOCK_CAPTURE_AUTORELEASING = YES;
				CLANG_WARN_BOOL_CONVERSION = YES;
				CLANG_WARN_COMMA = YES;
				CLANG_WARN_CONSTANT_CONVERSION = YES;
				CLANG_WARN_DEPRECATED_OBJC_IMPLEMENTATIONS = YES;
				CLANG_WARN_DIRECT_OBJC_ISA_USAGE = YES_ERROR;
				CLANG_WARN_DOCUMENTATION_COMMENTS = YES;
				CLANG_WARN_EMPTY_BODY = YES;
				CLANG_WARN_ENUM_CONVERSION = YES;
				CLANG_WARN_INFINITE_RECURSION = YES;
				CLANG_WARN_INT_CONVERSION = YES;
				CLANG_WARN_NON_LITERAL_NULL_CONVERSION = YES;
				CLANG_WARN_OBJC_IMPLICIT_RETAIN_SELF = YES;
				CLANG_WARN_OBJC_LITERAL_CONVERSION = YES;
				CLANG_WARN_OBJC_ROOT_CLASS = YES_ERROR;
				CLANG_WARN_QUOTED_INCLUDE_IN_FRAMEWORK_HEADER = YES;
				CLANG_WARN_RANGE_LOOP_ANALYSIS = YES;
				CLANG_WARN_STRICT_PROTOTYPES = YES;
				CLANG_WARN_SUSPICIOUS_MOVE = YES;
				CLANG_WARN_UNGUARDED_AVAILABILITY = YES_AGGRESSIVE;
				CLANG_WARN_UNREACHABLE_CODE = YES;
				CLANG_WARN__DUPLICATE_METHOD_MATCH = YES;
				COPY_PHASE_STRIP = NO;
				DEBUG_INFORMATION_FORMAT = "dwarf-with-dsym";
				ENABLE_NS_ASSERTIONS = NO;
				ENABLE_STRICT_OBJC_MSGSEND = YES;
				GCC_C_LANGUAGE_STANDARD = gnu11;
				GCC_NO_COMMON_BLOCKS = YES;
				GCC_WARN_64_TO_32_BIT_CONVERSION = YES;
				GCC_WARN_ABOUT_RETURN_TYPE = YES_ERROR;
				GCC_WARN_UNDECLARED_SELECTOR = YES;
				GCC_WARN_UNINITIALIZED_AUTOS = YES_AGGRESSIVE;
				GCC_WARN_UNUSED_FUNCTION = YES;
				GCC_WARN_UNUSED_VARIABLE = YES;
				IPHONEOS_DEPLOYMENT_TARGET = 14.4;
				MTL_ENABLE_DEBUG_INFO = NO;
				MTL_FAST_MATH = YES;
				SDKROOT = iphoneos;
				SWIFT_COMPILATION_MODE = wholemodule;
				SWIFT_OPTIMIZATION_LEVEL = "-O";
				VALIDATE_PRODUCT = YES;
			};
			name = Release;
		};
		C1B8A49A2617D35800CA4719 /* Debug */ = {
			isa = XCBuildConfiguration;
			buildSettings = {
				ASSETCATALOG_COMPILER_APPICON_NAME = AppIcon;
				ASSETCATALOG_COMPILER_GLOBAL_ACCENT_COLOR_NAME = AccentColor;
				CODE_SIGN_STYLE = Automatic;
				DEVELOPMENT_TEAM = 8R2D9WN3M3;
				INFOPLIST_FILE = MercadoLibre/Info.plist;
				LD_RUNPATH_SEARCH_PATHS = (
					"$(inherited)",
					"@executable_path/Frameworks",
				);
				PRODUCT_BUNDLE_IDENTIFIER = info.ingjohnguerrero.MercadoLibre;
				PRODUCT_NAME = "$(TARGET_NAME)";
				SWIFT_VERSION = 5.0;
				TARGETED_DEVICE_FAMILY = "1,2";
			};
			name = Debug;
		};
		C1B8A49B2617D35800CA4719 /* Release */ = {
			isa = XCBuildConfiguration;
			buildSettings = {
				ASSETCATALOG_COMPILER_APPICON_NAME = AppIcon;
				ASSETCATALOG_COMPILER_GLOBAL_ACCENT_COLOR_NAME = AccentColor;
				CODE_SIGN_STYLE = Automatic;
				DEVELOPMENT_TEAM = 8R2D9WN3M3;
				INFOPLIST_FILE = MercadoLibre/Info.plist;
				LD_RUNPATH_SEARCH_PATHS = (
					"$(inherited)",
					"@executable_path/Frameworks",
				);
				PRODUCT_BUNDLE_IDENTIFIER = info.ingjohnguerrero.MercadoLibre;
				PRODUCT_NAME = "$(TARGET_NAME)";
				SWIFT_VERSION = 5.0;
				TARGETED_DEVICE_FAMILY = "1,2";
			};
			name = Release;
		};
		C1B8A49D2617D35800CA4719 /* Debug */ = {
			isa = XCBuildConfiguration;
			buildSettings = {
				ALWAYS_EMBED_SWIFT_STANDARD_LIBRARIES = YES;
				BUNDLE_LOADER = "$(TEST_HOST)";
				CODE_SIGN_STYLE = Automatic;
				DEVELOPMENT_TEAM = 8R2D9WN3M3;
				INFOPLIST_FILE = MercadoLibreTests/Info.plist;
				IPHONEOS_DEPLOYMENT_TARGET = 14.4;
				LD_RUNPATH_SEARCH_PATHS = (
					"$(inherited)",
					"@executable_path/Frameworks",
					"@loader_path/Frameworks",
				);
				PRODUCT_BUNDLE_IDENTIFIER = info.ingjohnguerrero.MercadoLibreTests;
				PRODUCT_NAME = "$(TARGET_NAME)";
				SWIFT_VERSION = 5.0;
				TARGETED_DEVICE_FAMILY = "1,2";
				TEST_HOST = "$(BUILT_PRODUCTS_DIR)/MercadoLibre.app/MercadoLibre";
			};
			name = Debug;
		};
		C1B8A49E2617D35800CA4719 /* Release */ = {
			isa = XCBuildConfiguration;
			buildSettings = {
				ALWAYS_EMBED_SWIFT_STANDARD_LIBRARIES = YES;
				BUNDLE_LOADER = "$(TEST_HOST)";
				CODE_SIGN_STYLE = Automatic;
				DEVELOPMENT_TEAM = 8R2D9WN3M3;
				INFOPLIST_FILE = MercadoLibreTests/Info.plist;
				IPHONEOS_DEPLOYMENT_TARGET = 14.4;
				LD_RUNPATH_SEARCH_PATHS = (
					"$(inherited)",
					"@executable_path/Frameworks",
					"@loader_path/Frameworks",
				);
				PRODUCT_BUNDLE_IDENTIFIER = info.ingjohnguerrero.MercadoLibreTests;
				PRODUCT_NAME = "$(TARGET_NAME)";
				SWIFT_VERSION = 5.0;
				TARGETED_DEVICE_FAMILY = "1,2";
				TEST_HOST = "$(BUILT_PRODUCTS_DIR)/MercadoLibre.app/MercadoLibre";
			};
			name = Release;
		};
		C1B8A4A02617D35800CA4719 /* Debug */ = {
			isa = XCBuildConfiguration;
			buildSettings = {
				ALWAYS_EMBED_SWIFT_STANDARD_LIBRARIES = YES;
				CODE_SIGN_STYLE = Automatic;
				DEVELOPMENT_TEAM = 8R2D9WN3M3;
				INFOPLIST_FILE = MercadoLibreUITests/Info.plist;
				LD_RUNPATH_SEARCH_PATHS = (
					"$(inherited)",
					"@executable_path/Frameworks",
					"@loader_path/Frameworks",
				);
				PRODUCT_BUNDLE_IDENTIFIER = info.ingjohnguerrero.MercadoLibreUITests;
				PRODUCT_NAME = "$(TARGET_NAME)";
				SWIFT_VERSION = 5.0;
				TARGETED_DEVICE_FAMILY = "1,2";
				TEST_TARGET_NAME = MercadoLibre;
			};
			name = Debug;
		};
		C1B8A4A12617D35800CA4719 /* Release */ = {
			isa = XCBuildConfiguration;
			buildSettings = {
				ALWAYS_EMBED_SWIFT_STANDARD_LIBRARIES = YES;
				CODE_SIGN_STYLE = Automatic;
				DEVELOPMENT_TEAM = 8R2D9WN3M3;
				INFOPLIST_FILE = MercadoLibreUITests/Info.plist;
				LD_RUNPATH_SEARCH_PATHS = (
					"$(inherited)",
					"@executable_path/Frameworks",
					"@loader_path/Frameworks",
				);
				PRODUCT_BUNDLE_IDENTIFIER = info.ingjohnguerrero.MercadoLibreUITests;
				PRODUCT_NAME = "$(TARGET_NAME)";
				SWIFT_VERSION = 5.0;
				TARGETED_DEVICE_FAMILY = "1,2";
				TEST_TARGET_NAME = MercadoLibre;
			};
			name = Release;
		};
/* End XCBuildConfiguration section */

/* Begin XCConfigurationList section */
		C1B8A46A2617D35600CA4719 /* Build configuration list for PBXProject "MercadoLibre" */ = {
			isa = XCConfigurationList;
			buildConfigurations = (
				C1B8A4972617D35800CA4719 /* Debug */,
				C1B8A4982617D35800CA4719 /* Release */,
			);
			defaultConfigurationIsVisible = 0;
			defaultConfigurationName = Release;
		};
		C1B8A4992617D35800CA4719 /* Build configuration list for PBXNativeTarget "MercadoLibre" */ = {
			isa = XCConfigurationList;
			buildConfigurations = (
				C1B8A49A2617D35800CA4719 /* Debug */,
				C1B8A49B2617D35800CA4719 /* Release */,
			);
			defaultConfigurationIsVisible = 0;
			defaultConfigurationName = Release;
		};
		C1B8A49C2617D35800CA4719 /* Build configuration list for PBXNativeTarget "MercadoLibreTests" */ = {
			isa = XCConfigurationList;
			buildConfigurations = (
				C1B8A49D2617D35800CA4719 /* Debug */,
				C1B8A49E2617D35800CA4719 /* Release */,
			);
			defaultConfigurationIsVisible = 0;
			defaultConfigurationName = Release;
		};
		C1B8A49F2617D35800CA4719 /* Build configuration list for PBXNativeTarget "MercadoLibreUITests" */ = {
			isa = XCConfigurationList;
			buildConfigurations = (
				C1B8A4A02617D35800CA4719 /* Debug */,
				C1B8A4A12617D35800CA4719 /* Release */,
			);
			defaultConfigurationIsVisible = 0;
			defaultConfigurationName = Release;
		};
/* End XCConfigurationList section */

/* Begin XCRemoteSwiftPackageReference section */
		C15B4715262D22EC0001282A /* XCRemoteSwiftPackageReference "Kingfisher" */ = {
			isa = XCRemoteSwiftPackageReference;
			repositoryURL = "https://github.com/onevcat/Kingfisher.git";
			requirement = {
				kind = upToNextMajorVersion;
				minimumVersion = 6.2.1;
			};
		};
		C1D6EF8A2617EBE800C847E6 /* XCRemoteSwiftPackageReference "Alamofire" */ = {
			isa = XCRemoteSwiftPackageReference;
			repositoryURL = "https://github.com/Alamofire/Alamofire.git";
			requirement = {
				kind = upToNextMajorVersion;
				minimumVersion = 5.4.1;
			};
		};
/* End XCRemoteSwiftPackageReference section */

/* Begin XCSwiftPackageProductDependency section */
		C15B4716262D22EC0001282A /* Kingfisher */ = {
			isa = XCSwiftPackageProductDependency;
			package = C15B4715262D22EC0001282A /* XCRemoteSwiftPackageReference "Kingfisher" */;
			productName = Kingfisher;
		};
		C1D6EF8B2617EBE800C847E6 /* Alamofire */ = {
			isa = XCSwiftPackageProductDependency;
			package = C1D6EF8A2617EBE800C847E6 /* XCRemoteSwiftPackageReference "Alamofire" */;
			productName = Alamofire;
		};
/* End XCSwiftPackageProductDependency section */
	};
	rootObject = C1B8A4672617D35600CA4719 /* Project object */;
}
